
Microsoft Visual Studio Solution File, Format Version 12.00
# Visual Studio Version 16
VisualStudioVersion = 16.0.31424.327
MinimumVisualStudioVersion = 10.0.40219.1
Project("{FAE04EC0-301F-11D3-BF4B-00C04F79EFBC}") = "Forum_netFramework", "Forum_netFramework\Forum_netFramework.csproj", "{B1D11A9F-BEAD-4C0A-B4CA-19E55E119B90}"
EndProject
Project("{FAE04EC0-301F-11D3-BF4B-00C04F79EFBC}") = "Forum_netFrameworkUnitTests", "Forum_netFrameworkUnitTests\Forum_netFrameworkUnitTests.csproj", "{68EB668F-4B8E-4405-AE90-0F5C92B58988}"
EndProject
Global
	GlobalSection(SolutionConfigurationPlatforms) = preSolution
		Debug|Any CPU = Debug|Any CPU
		Release|Any CPU = Release|Any CPU
	EndGlobalSection
	GlobalSection(ProjectConfigurationPlatforms) = postSolution
		{B1D11A9F-BEAD-4C0A-B4CA-19E55E119B90}.Debug|Any CPU.ActiveCfg = Debug|Any CPU
		{B1D11A9F-BEAD-4C0A-B4CA-19E55E119B90}.Debug|Any CPU.Build.0 = Debug|Any CPU
		{B1D11A9F-BEAD-4C0A-B4CA-19E55E119B90}.Release|Any CPU.ActiveCfg = Release|Any CPU
		{B1D11A9F-BEAD-4C0A-B4CA-19E55E119B90}.Release|Any CPU.Build.0 = Release|Any CPU
		{68EB668F-4B8E-4405-AE90-0F5C92B58988}.Debug|Any CPU.ActiveCfg = Debug|Any CPU
		{68EB668F-4B8E-4405-AE90-0F5C92B58988}.Debug|Any CPU.Build.0 = Debug|Any CPU
		{68EB668F-4B8E-4405-AE90-0F5C92B58988}.Release|Any CPU.ActiveCfg = Release|Any CPU
		{68EB668F-4B8E-4405-AE90-0F5C92B58988}.Release|Any CPU.Build.0 = Release|Any CPU
	EndGlobalSection
	GlobalSection(SolutionProperties) = preSolution
		HideSolutionNode = FALSE
	EndGlobalSection
	GlobalSection(ExtensibilityGlobals) = postSolution
		SolutionGuid = {7B58DA21-2047-4D67-A4D2-8ADFB82328D0}
	EndGlobalSection
EndGlobal
